
Microsoft Visual Studio Solution File, Format Version 12.00
# Visual Studio 15
VisualStudioVersion = 15.0.26124.0
MinimumVisualStudioVersion = 15.0.26124.0
Project("{2150E333-8FDC-42A3-9474-1A3956D46DE8}") = "src", "src", "{F3E4AD79-3E47-47DA-8438-33D0AA2E8C1A}"
EndProject
Project("{FAE04EC0-301F-11D3-BF4B-00C04F79EFBC}") = "dec2hex", "src\dec2hex\dec2hex.csproj", "{C010CDD2-2910-4D1A-8994-5E4AC9FD1476}"
EndProject
Global
	GlobalSection(SolutionConfigurationPlatforms) = preSolution
		Debug|Any CPU = Debug|Any CPU
		Debug|x64 = Debug|x64
		Debug|x86 = Debug|x86
		Release|Any CPU = Release|Any CPU
		Release|x64 = Release|x64
		Release|x86 = Release|x86
	EndGlobalSection
	GlobalSection(SolutionProperties) = preSolution
		HideSolutionNode = FALSE
	EndGlobalSection
	GlobalSection(ProjectConfigurationPlatforms) = postSolution
		{C010CDD2-2910-4D1A-8994-5E4AC9FD1476}.Debug|Any CPU.ActiveCfg = Debug|Any CPU
		{C010CDD2-2910-4D1A-8994-5E4AC9FD1476}.Debug|Any CPU.Build.0 = Debug|Any CPU
		{C010CDD2-2910-4D1A-8994-5E4AC9FD1476}.Debug|x64.ActiveCfg = Debug|Any CPU
		{C010CDD2-2910-4D1A-8994-5E4AC9FD1476}.Debug|x64.Build.0 = Debug|Any CPU
		{C010CDD2-2910-4D1A-8994-5E4AC9FD1476}.Debug|x86.ActiveCfg = Debug|Any CPU
		{C010CDD2-2910-4D1A-8994-5E4AC9FD1476}.Debug|x86.Build.0 = Debug|Any CPU
		{C010CDD2-2910-4D1A-8994-5E4AC9FD1476}.Release|Any CPU.ActiveCfg = Release|Any CPU
		{C010CDD2-2910-4D1A-8994-5E4AC9FD1476}.Release|Any CPU.Build.0 = Release|Any CPU
		{C010CDD2-2910-4D1A-8994-5E4AC9FD1476}.Release|x64.ActiveCfg = Release|Any CPU
		{C010CDD2-2910-4D1A-8994-5E4AC9FD1476}.Release|x64.Build.0 = Release|Any CPU
		{C010CDD2-2910-4D1A-8994-5E4AC9FD1476}.Release|x86.ActiveCfg = Release|Any CPU
		{C010CDD2-2910-4D1A-8994-5E4AC9FD1476}.Release|x86.Build.0 = Release|Any CPU
	EndGlobalSection
	GlobalSection(NestedProjects) = preSolution
		{C010CDD2-2910-4D1A-8994-5E4AC9FD1476} = {F3E4AD79-3E47-47DA-8438-33D0AA2E8C1A}
	EndGlobalSection
EndGlobal
